PODS:
  - CardIO (5.4.1)
  - ThreeDSSDK (2.0.2)

DEPENDENCIES:
  - CardIO
  - ThreeDSSDK (from `https://raw.githubusercontent.com/Radarpayments/ios-sdk/master/ThreeDSSDK.podspec`)

SPEC REPOS:
  trunk:
    - CardIO

EXTERNAL SOURCES:
  ThreeDSSDK:
    :podspec: https://raw.githubusercontent.com/Radarpayments/ios-sdk/master/ThreeDSSDK.podspec

SPEC CHECKSUMS:
  CardIO: 56983b39b62f495fc6dae9ad7cf875143df06443
  ThreeDSSDK: 1cfbc086052521faa62059f169ca94a6611d0e8a

PODFILE CHECKSUM: f285ef4cfe8a4dfb95190d8448e333550059d211

COCOAPODS: 1.11.3
